
Microsoft Visual Studio Solution File, Format Version 12.00
# Visual Studio Version 17
VisualStudioVersion = 17.9.34622.214
MinimumVisualStudioVersion = 10.0.40219.1
Project("{FAE04EC0-301F-11D3-BF4B-00C04F79EFBC}") = "PrimerParcial_Parte2", "PrimerParcial_Parte2\PrimerParcial_Parte2.csproj", "{680014E7-80DE-4FB8-ACDD-9711F4B7A67E}"
EndProject
Global
	GlobalSection(SolutionConfigurationPlatforms) = preSolution
		Debug|Any CPU = Debug|Any CPU
		Release|Any CPU = Release|Any CPU
	EndGlobalSection
	GlobalSection(ProjectConfigurationPlatforms) = postSolution
		{680014E7-80DE-4FB8-ACDD-9711F4B7A67E}.Debug|Any CPU.ActiveCfg = Debug|Any CPU
		{680014E7-80DE-4FB8-ACDD-9711F4B7A67E}.Debug|Any CPU.Build.0 = Debug|Any CPU
		{680014E7-80DE-4FB8-ACDD-9711F4B7A67E}.Release|Any CPU.ActiveCfg = Release|Any CPU
		{680014E7-80DE-4FB8-ACDD-9711F4B7A67E}.Release|Any CPU.Build.0 = Release|Any CPU
	EndGlobalSection
	GlobalSection(SolutionProperties) = preSolution
		HideSolutionNode = FALSE
	EndGlobalSection
	GlobalSection(ExtensibilityGlobals) = postSolution
		SolutionGuid = {DAE4E141-8403-4E41-A7ED-218997A18FDE}
	EndGlobalSection
EndGlobal
