
Microsoft Visual Studio Solution File, Format Version 12.00
# Visual Studio Version 17
VisualStudioVersion = 17.9.34622.214
MinimumVisualStudioVersion = 10.0.40219.1
Project("{FAE04EC0-301F-11D3-BF4B-00C04F79EFBC}") = "PrimerParcial_Parte1", "PrimerParcial_Parte1\PrimerParcial_Parte1.csproj", "{10DC146C-119A-42D7-A5B8-BF3BF49967EE}"
EndProject
Global
	GlobalSection(SolutionConfigurationPlatforms) = preSolution
		Debug|Any CPU = Debug|Any CPU
		Release|Any CPU = Release|Any CPU
	EndGlobalSection
	GlobalSection(ProjectConfigurationPlatforms) = postSolution
		{10DC146C-119A-42D7-A5B8-BF3BF49967EE}.Debug|Any CPU.ActiveCfg = Debug|Any CPU
		{10DC146C-119A-42D7-A5B8-BF3BF49967EE}.Debug|Any CPU.Build.0 = Debug|Any CPU
		{10DC146C-119A-42D7-A5B8-BF3BF49967EE}.Release|Any CPU.ActiveCfg = Release|Any CPU
		{10DC146C-119A-42D7-A5B8-BF3BF49967EE}.Release|Any CPU.Build.0 = Release|Any CPU
	EndGlobalSection
	GlobalSection(SolutionProperties) = preSolution
		HideSolutionNode = FALSE
	EndGlobalSection
	GlobalSection(ExtensibilityGlobals) = postSolution
		SolutionGuid = {25D565D5-3BB9-4194-9C7B-DCA6B05C56F3}
	EndGlobalSection
EndGlobal
